# THIS IS AN AUTOGENERATED FILE. DO NOT EDIT THIS FILE DIRECTLY.
# yarn lockfile v1


jest-sonar-reporter@^2.0.0:
  version "2.0.0"
  resolved "https://registry.yarnpkg.com/jest-sonar-reporter/-/jest-sonar-reporter-2.0.0.tgz#faa54a7d2af7198767ee246a82b78c576789cf08"
  integrity sha512-ZervDCgEX5gdUbdtWsjdipLN3bKJwpxbvhkYNXTAYvAckCihobSLr9OT/IuyNIRT1EZMDDwR6DroWtrq+IL64w==
  dependencies:
    xml "^1.0.1"

xml@^1.0.1:
  version "1.0.1"
  resolved "https://registry.yarnpkg.com/xml/-/xml-1.0.1.tgz#78ba72020029c5bc87b8a81a3cfcd74b4a2fc1e5"
  integrity sha1-eLpyAgApxbyHuKgaPPzXS0ovweU=
